
Microsoft Visual Studio Solution File, Format Version 12.00
# Visual Studio Version 17
VisualStudioVersion = 17.5.002.0
MinimumVisualStudioVersion = 10.0.40219.1
Project("{9A19103F-16F7-4668-BE54-9A1E7A4F7556}") = "OcelotWebApiGetaway", "OcelotWebApiGetaway\OcelotWebApiGetaway.csproj", "{525648CE-801E-45D7-9743-F07933806DDB}"
EndProject
Global
	GlobalSection(SolutionConfigurationPlatforms) = preSolution
		Debug|Any CPU = Debug|Any CPU
		Release|Any CPU = Release|Any CPU
	EndGlobalSection
	GlobalSection(ProjectConfigurationPlatforms) = postSolution
		{525648CE-801E-45D7-9743-F07933806DDB}.Debug|Any CPU.ActiveCfg = Debug|Any CPU
		{525648CE-801E-45D7-9743-F07933806DDB}.Debug|Any CPU.Build.0 = Debug|Any CPU
		{525648CE-801E-45D7-9743-F07933806DDB}.Release|Any CPU.ActiveCfg = Release|Any CPU
		{525648CE-801E-45D7-9743-F07933806DDB}.Release|Any CPU.Build.0 = Release|Any CPU
	EndGlobalSection
	GlobalSection(SolutionProperties) = preSolution
		HideSolutionNode = FALSE
	EndGlobalSection
	GlobalSection(ExtensibilityGlobals) = postSolution
		SolutionGuid = {EA389369-0588-45C5-8D36-CF2BED010B8F}
	EndGlobalSection
EndGlobal
